
Microsoft Visual Studio Solution File, Format Version 12.00
# Visual Studio Version 16
VisualStudioVersion = 16.0.30804.86
MinimumVisualStudioVersion = 10.0.40219.1
Project("{8BC9CEB8-8B4A-11D0-8D11-00A0C91BC942}") = "Tutorial0", "Tutorial0.vcxproj", "{E2BB6A48-809F-4973-A01E-9A16E4AFF935}"
EndProject
Global
	GlobalSection(SolutionConfigurationPlatforms) = preSolution
		Debug|x64 = Debug|x64
		Debug|x86 = Debug|x86
		Release|x64 = Release|x64
		Release|x86 = Release|x86
	EndGlobalSection
	GlobalSection(ProjectConfigurationPlatforms) = postSolution
		{E2BB6A48-809F-4973-A01E-9A16E4AFF935}.Debug|x64.ActiveCfg = Debug|x64
		{E2BB6A48-809F-4973-A01E-9A16E4AFF935}.Debug|x64.Build.0 = Debug|x64
		{E2BB6A48-809F-4973-A01E-9A16E4AFF935}.Debug|x86.ActiveCfg = Debug|Win32
		{E2BB6A48-809F-4973-A01E-9A16E4AFF935}.Debug|x86.Build.0 = Debug|Win32
		{E2BB6A48-809F-4973-A01E-9A16E4AFF935}.Release|x64.ActiveCfg = Release|x64
		{E2BB6A48-809F-4973-A01E-9A16E4AFF935}.Release|x64.Build.0 = Release|x64
		{E2BB6A48-809F-4973-A01E-9A16E4AFF935}.Release|x86.ActiveCfg = Release|Win32
		{E2BB6A48-809F-4973-A01E-9A16E4AFF935}.Release|x86.Build.0 = Release|Win32
	EndGlobalSection
	GlobalSection(SolutionProperties) = preSolution
		HideSolutionNode = FALSE
	EndGlobalSection
	GlobalSection(ExtensibilityGlobals) = postSolution
		SolutionGuid = {7DB92E6E-C4F5-4CB9-9165-30413F097F32}
	EndGlobalSection
EndGlobal
